// !$*UTF8*$!
{
	archiveVersion = 1;
	classes = {
	};
	objectVersion = 46;
	objects = {

/* Begin PBXBuildFile section */
		95BBBB7C1EE555B300100889 /* AppDelegate.swift in Sources */ = {isa = PBXBuildFile; fileRef = 95BBBB7B1EE555B300100889 /* AppDelegate.swift */; };
		95BBBB7E1EE555B300100889 /* FirstTableViewController.swift in Sources */ = {isa = PBXBuildFile; fileRef = 95BBBB7D1EE555B300100889 /* FirstTableViewController.swift */; };
		95BBBB811EE555B300100889 /* Main.storyboard in Resources */ = {isa = PBXBuildFile; fileRef = 95BBBB7F1EE555B300100889 /* Main.storyboard */; };
		95BBBB831EE555B300100889 /* Assets.xcassets in Resources */ = {isa = PBXBuildFile; fileRef = 95BBBB821EE555B300100889 /* Assets.xcassets */; };
		95BBBB861EE555B300100889 /* LaunchScreen.storyboard in Resources */ = {isa = PBXBuildFile; fileRef = 95BBBB841EE555B300100889 /* LaunchScreen.storyboard */; };
		95BBBB8E1EE5573E00100889 /* Section.swift in Sources */ = {isa = PBXBuildFile; fileRef = 95BBBB8D1EE5573E00100889 /* Section.swift */; };
		95BBBB901EE55AEA00100889 /* SecondTableViewController.swift in Sources */ = {isa = PBXBuildFile; fileRef = 95BBBB8F1EE55AEA00100889 /* SecondTableViewController.swift */; };
		95BBBB921EE55E7C00100889 /* SecondTable.swift in Sources */ = {isa = PBXBuildFile; fileRef = 95BBBB911EE55E7C00100889 /* SecondTable.swift */; };
		95BBBB951EE5A9DE00100889 /* CalculationViewController.swift in Sources */ = {isa = PBXBuildFile; fileRef = 95BBBB941EE5A9DE00100889 /* CalculationViewController.swift */; };
		95BBBB971EE5AB2100100889 /* CalculationDetails.swift in Sources */ = {isa = PBXBuildFile; fileRef = 95BBBB961EE5AB2100100889 /* CalculationDetails.swift */; };
		95BBBB9B1EE7463900100889 /* CellClass.swift in Sources */ = {isa = PBXBuildFile; fileRef = 95BBBB9A1EE7463900100889 /* CellClass.swift */; };
		95BBBB9F1EE749A400100889 /* SecondTableViewCell.swift in Sources */ = {isa = PBXBuildFile; fileRef = 95BBBB9E1EE749A400100889 /* SecondTableViewCell.swift */; };
		95BBBBA11EE74B3200100889 /* PaymentDetailsViewController.swift in Sources */ = {isa = PBXBuildFile; fileRef = 95BBBBA01EE74B3200100889 /* PaymentDetailsViewController.swift */; };
		95BBBBA31EE74B9700100889 /* Fees.json in Resources */ = {isa = PBXBuildFile; fileRef = 95BBBBA21EE74B9700100889 /* Fees.json */; };
		95D64CAB1F13F68300278796 /* GoogleService-Info.plist in Resources */ = {isa = PBXBuildFile; fileRef = 95D64CAA1F13F68300278796 /* GoogleService-Info.plist */; };
		C9A0B94375BD0069418B83D9 /* Pods_Court_Fee.framework in Frameworks */ = {isa = PBXBuildFile; fileRef = 29581F165C23D9E3EA96DC17 /* Pods_Court_Fee.framework */; };
/* End PBXBuildFile section */

/* Begin PBXFileReference section */
		173F21ADEC5677508E731EF9 /* Pods-Court Fee.release.xcconfig */ = {isa = PBXFileReference; includeInIndex = 1; lastKnownFileType = text.xcconfig; name = "Pods-Court Fee.release.xcconfig"; path = "Pods/Target Support Files/Pods-Court Fee/Pods-Court Fee.release.xcconfig"; sourceTree = "<group>"; };
		29581F165C23D9E3EA96DC17 /* Pods_Court_Fee.framework */ = {isa = PBXFileReference; explicitFileType = wrapper.framework; includeInIndex = 0; path = Pods_Court_Fee.framework; sourceTree = BUILT_PRODUCTS_DIR; };
		95BBBB781EE555B300100889 /* Court Fee.app */ = {isa = PBXFileReference; explicitFileType = wrapper.application; includeInIndex = 0; path = "Court Fee.app"; sourceTree = BUILT_PRODUCTS_DIR; };
		95BBBB7B1EE555B300100889 /* AppDelegate.swift */ = {isa = PBXFileReference; lastKnownFileType = sourcecode.swift; path = AppDelegate.swift; sourceTree = "<group>"; };
		95BBBB7D1EE555B300100889 /* FirstTableViewController.swift */ = {isa = PBXFileReference; lastKnownFileType = sourcecode.swift; path = FirstTableViewController.swift; sourceTree = "<group>"; };
		95BBBB801EE555B300100889 /* Base */ = {isa = PBXFileReference; lastKnownFileType = file.storyboard; name = Base; path = Base.lproj/Main.storyboard; sourceTree = "<group>"; };
		95BBBB821EE555B300100889 /* Assets.xcassets */ = {isa = PBXFileReference; lastKnownFileType = folder.assetcatalog; path = Assets.xcassets; sourceTree = "<group>"; };
		95BBBB851EE555B300100889 /* Base */ = {isa = PBXFileReference; lastKnownFileType = file.storyboard; name = Base; path = Base.lproj/LaunchScreen.storyboard; sourceTree = "<group>"; };
		95BBBB871EE555B300100889 /* Info.plist */ = {isa = PBXFileReference; lastKnownFileType = text.plist.xml; path = Info.plist; sourceTree = "<group>"; };
		95BBBB8D1EE5573E00100889 /* Section.swift */ = {isa = PBXFileReference; fileEncoding = 4; lastKnownFileType = sourcecode.swift; path = Section.swift; sourceTree = "<group>"; };
		95BBBB8F1EE55AEA00100889 /* SecondTableViewController.swift */ = {isa = PBXFileReference; fileEncoding = 4; lastKnownFileType = sourcecode.swift; name = SecondTableViewController.swift; path = ../SecondTableViewController.swift; sourceTree = "<group>"; };
		95BBBB911EE55E7C00100889 /* SecondTable.swift */ = {isa = PBXFileReference; fileEncoding = 4; lastKnownFileType = sourcecode.swift; path = SecondTable.swift; sourceTree = "<group>"; };
		95BBBB941EE5A9DE00100889 /* CalculationViewController.swift */ = {isa = PBXFileReference; fileEncoding = 4; lastKnownFileType = sourcecode.swift; path = CalculationViewController.swift; sourceTree = "<group>"; };
		95BBBB961EE5AB2100100889 /* CalculationDetails.swift */ = {isa = PBXFileReference; fileEncoding = 4; lastKnownFileType = sourcecode.swift; path = CalculationDetails.swift; sourceTree = "<group>"; };
		95BBBB9A1EE7463900100889 /* CellClass.swift */ = {isa = PBXFileReference; fileEncoding = 4; lastKnownFileType = sourcecode.swift; name = CellClass.swift; path = ../CellClass.swift; sourceTree = "<group>"; };
		95BBBB9E1EE749A400100889 /* SecondTableViewCell.swift */ = {isa = PBXFileReference; fileEncoding = 4; lastKnownFileType = sourcecode.swift; name = SecondTableViewCell.swift; path = ../SecondTableViewCell.swift; sourceTree = "<group>"; };
		95BBBBA01EE74B3200100889 /* PaymentDetailsViewController.swift */ = {isa = PBXFileReference; fileEncoding = 4; lastKnownFileType = sourcecode.swift; path = PaymentDetailsViewController.swift; sourceTree = "<group>"; };
		95BBBBA21EE74B9700100889 /* Fees.json */ = {isa = PBXFileReference; fileEncoding = 4; lastKnownFileType = text.json; path = Fees.json; sourceTree = "<group>"; };
		95D64CAA1F13F68300278796 /* GoogleService-Info.plist */ = {isa = PBXFileReference; fileEncoding = 4; lastKnownFileType = text.plist.xml; path = "GoogleService-Info.plist"; sourceTree = SOURCE_ROOT; };
		F4A10F9E2CE9C6250337EE13 /* Pods-Court Fee.debug.xcconfig */ = {isa = PBXFileReference; includeInIndex = 1; lastKnownFileType = text.xcconfig; name = "Pods-Court Fee.debug.xcconfig"; path = "Pods/Target Support Files/Pods-Court Fee/Pods-Court Fee.debug.xcconfig"; sourceTree = "<group>"; };
/* End PBXFileReference section */

/* Begin PBXFrameworksBuildPhase section */
		95BBBB751EE555B300100889 /* Frameworks */ = {
			isa = PBXFrameworksBuildPhase;
			buildActionMask = 2147483647;
			files = (
				C9A0B94375BD0069418B83D9 /* Pods_Court_Fee.framework in Frameworks */,
			);
			runOnlyForDeploymentPostprocessing = 0;
		};
/* End PBXFrameworksBuildPhase section */

/* Begin PBXGroup section */
		4E1C25D54C4A86532A33A3DE /* Frameworks */ = {
			isa = PBXGroup;
			children = (
				29581F165C23D9E3EA96DC17 /* Pods_Court_Fee.framework */,
			);
			name = Frameworks;
			sourceTree = "<group>";
		};
		855E0B5251496E2B05974BED /* Pods */ = {
			isa = PBXGroup;
			children = (
				F4A10F9E2CE9C6250337EE13 /* Pods-Court Fee.debug.xcconfig */,
				173F21ADEC5677508E731EF9 /* Pods-Court Fee.release.xcconfig */,
			);
			name = Pods;
			sourceTree = "<group>";
		};
		95BBBB6F1EE555B300100889 = {
			isa = PBXGroup;
			children = (
				95BBBB7A1EE555B300100889 /* Court Fee */,
				95BBBB791EE555B300100889 /* Products */,
				855E0B5251496E2B05974BED /* Pods */,
				4E1C25D54C4A86532A33A3DE /* Frameworks */,
			);
			sourceTree = "<group>";
		};
		95BBBB791EE555B300100889 /* Products */ = {
			isa = PBXGroup;
			children = (
				95BBBB781EE555B300100889 /* Court Fee.app */,
			);
			name = Products;
			sourceTree = "<group>";
		};
		95BBBB7A1EE555B300100889 /* Court Fee */ = {
			isa = PBXGroup;
			children = (
				95BBBB7B1EE555B300100889 /* AppDelegate.swift */,
				95BBBB931EE55EA300100889 /* Models */,
				95BBBB9D1EE7498900100889 /* UI */,
				95BBBB7D1EE555B300100889 /* FirstTableViewController.swift */,
				95BBBB8F1EE55AEA00100889 /* SecondTableViewController.swift */,
				95BBBB941EE5A9DE00100889 /* CalculationViewController.swift */,
				95BBBBA01EE74B3200100889 /* PaymentDetailsViewController.swift */,
				95BBBB7F1EE555B300100889 /* Main.storyboard */,
				95BBBB821EE555B300100889 /* Assets.xcassets */,
				95D64CAC1F14C94200278796 /* Sources */,
				95BBBB841EE555B300100889 /* LaunchScreen.storyboard */,
				95D64CAA1F13F68300278796 /* GoogleService-Info.plist */,
				95BBBB871EE555B300100889 /* Info.plist */,
			);
			name = "Court Fee";
			path = 1;
			sourceTree = "<group>";
		};
		95BBBB931EE55EA300100889 /* Models */ = {
			isa = PBXGroup;
			children = (
				95BBBB8D1EE5573E00100889 /* Section.swift */,
				95BBBB911EE55E7C00100889 /* SecondTable.swift */,
				95BBBB961EE5AB2100100889 /* CalculationDetails.swift */,
			);
			name = Models;
			sourceTree = "<group>";
		};
		95BBBB9D1EE7498900100889 /* UI */ = {
			isa = PBXGroup;
			children = (
				95BBBB9A1EE7463900100889 /* CellClass.swift */,
				95BBBB9E1EE749A400100889 /* SecondTableViewCell.swift */,
			);
			name = UI;
			sourceTree = "<group>";
		};
		95D64CAC1F14C94200278796 /* Sources */ = {
			isa = PBXGroup;
			children = (
				95BBBBA21EE74B9700100889 /* Fees.json */,
			);
			name = Sources;
			sourceTree = "<group>";
		};
/* End PBXGroup section */

/* Begin PBXNativeTarget section */
		95BBBB771EE555B300100889 /* Court Fee */ = {
			isa = PBXNativeTarget;
			buildConfigurationList = 95BBBB8A1EE555B300100889 /* Build configuration list for PBXNativeTarget "Court Fee" */;
			buildPhases = (
				14D9CFBD1AA9CEAC54F8D349 /* [CP] Check Pods Manifest.lock */,
				95BBBB741EE555B300100889 /* Sources */,
				95BBBB751EE555B300100889 /* Frameworks */,
				95BBBB761EE555B300100889 /* Resources */,
				260E6D662652B7F0406136C8 /* [CP] Embed Pods Frameworks */,
				DD738923F37490E03B2452E5 /* [CP] Copy Pods Resources */,
			);
			buildRules = (
			);
			dependencies = (
			);
			name = "Court Fee";
			productName = 1;
			productReference = 95BBBB781EE555B300100889 /* Court Fee.app */;
			productType = "com.apple.product-type.application";
		};
/* End PBXNativeTarget section */

/* Begin PBXProject section */
		95BBBB701EE555B300100889 /* Project object */ = {
			isa = PBXProject;
			attributes = {
				LastSwiftUpdateCheck = 0830;
				LastUpgradeCheck = 0830;
				ORGANIZATIONNAME = Anna;
				TargetAttributes = {
					95BBBB771EE555B300100889 = {
						CreatedOnToolsVersion = 8.3.2;
						DevelopmentTeam = X8E2R8HQQL;
						ProvisioningStyle = Automatic;
					};
				};
			};
			buildConfigurationList = 95BBBB731EE555B300100889 /* Build configuration list for PBXProject "Court Fee" */;
			compatibilityVersion = "Xcode 3.2";
			developmentRegion = English;
			hasScannedForEncodings = 0;
			knownRegions = (
				en,
				Base,
			);
			mainGroup = 95BBBB6F1EE555B300100889;
			productRefGroup = 95BBBB791EE555B300100889 /* Products */;
			projectDirPath = "";
			projectRoot = "";
			targets = (
				95BBBB771EE555B300100889 /* Court Fee */,
			);
		};
/* End PBXProject section */

/* Begin PBXResourcesBuildPhase section */
		95BBBB761EE555B300100889 /* Resources */ = {
			isa = PBXResourcesBuildPhase;
			buildActionMask = 2147483647;
			files = (
				95BBBBA31EE74B9700100889 /* Fees.json in Resources */,
				95BBBB861EE555B300100889 /* LaunchScreen.storyboard in Resources */,
				95D64CAB1F13F68300278796 /* GoogleService-Info.plist in Resources */,
				95BBBB831EE555B300100889 /* Assets.xcassets in Resources */,
				95BBBB811EE555B300100889 /* Main.storyboard in Resources */,
			);
			runOnlyForDeploymentPostprocessing = 0;
		};
/* End PBXResourcesBuildPhase section */

/* Begin PBXShellScriptBuildPhase section */
		14D9CFBD1AA9CEAC54F8D349 /* [CP] Check Pods Manifest.lock */ = {
			isa = PBXShellScriptBuildPhase;
			buildActionMask = 2147483647;
			files = (
			);
			inputPaths = (
			);
			name = "[CP] Check Pods Manifest.lock";
			outputPaths = (
			);
			runOnlyForDeploymentPostprocessing = 0;
			shellPath = /bin/sh;
			shellScript = "diff \"${PODS_PODFILE_DIR_PATH}/Podfile.lock\" \"${PODS_ROOT}/Manifest.lock\" > /dev/null\nif [ $? != 0 ] ; then\n    # print error to STDERR\n    echo \"error: The sandbox is not in sync with the Podfile.lock. Run 'pod install' or update your CocoaPods installation.\" >&2\n    exit 1\nfi\n";
			showEnvVarsInLog = 0;
		};
		260E6D662652B7F0406136C8 /* [CP] Embed Pods Frameworks */ = {
			isa = PBXShellScriptBuildPhase;
			buildActionMask = 2147483647;
			files = (
			);
			inputPaths = (
			);
			name = "[CP] Embed Pods Frameworks";
			outputPaths = (
			);
			runOnlyForDeploymentPostprocessing = 0;
			shellPath = /bin/sh;
			shellScript = "\"${SRCROOT}/Pods/Target Support Files/Pods-Court Fee/Pods-Court Fee-frameworks.sh\"\n";
			showEnvVarsInLog = 0;
		};
		DD738923F37490E03B2452E5 /* [CP] Copy Pods Resources */ = {
			isa = PBXShellScriptBuildPhase;
			buildActionMask = 2147483647;
			files = (
			);
			inputPaths = (
			);
			name = "[CP] Copy Pods Resources";
			outputPaths = (
			);
			runOnlyForDeploymentPostprocessing = 0;
			shellPath = /bin/sh;
			shellScript = "\"${SRCROOT}/Pods/Target Support Files/Pods-Court Fee/Pods-Court Fee-resources.sh\"\n";
			showEnvVarsInLog = 0;
		};
/* End PBXShellScriptBuildPhase section */

/* Begin PBXSourcesBuildPhase section */
		95BBBB741EE555B300100889 /* Sources */ = {
			isa = PBXSourcesBuildPhase;
			buildActionMask = 2147483647;
			files = (
				95BBBBA11EE74B3200100889 /* PaymentDetailsViewController.swift in Sources */,
				95BBBB9B1EE7463900100889 /* CellClass.swift in Sources */,
				95BBBB8E1EE5573E00100889 /* Section.swift in Sources */,
				95BBBB901EE55AEA00100889 /* SecondTableViewController.swift in Sources */,
				95BBBB921EE55E7C00100889 /* SecondTable.swift in Sources */,
				95BBBB971EE5AB2100100889 /* CalculationDetails.swift in Sources */,
				95BBBB9F1EE749A400100889 /* SecondTableViewCell.swift in Sources */,
				95BBBB7E1EE555B300100889 /* FirstTableViewController.swift in Sources */,
				95BBBB951EE5A9DE00100889 /* CalculationViewController.swift in Sources */,
				95BBBB7C1EE555B300100889 /* AppDelegate.swift in Sources */,
			);
			runOnlyForDeploymentPostprocessing = 0;
		};
/* End PBXSourcesBuildPhase section */

/* Begin PBXVariantGroup section */
		95BBBB7F1EE555B300100889 /* Main.storyboard */ = {
			isa = PBXVariantGroup;
			children = (
				95BBBB801EE555B300100889 /* Base */,
			);
			name = Main.storyboard;
			sourceTree = "<group>";
		};
		95BBBB841EE555B300100889 /* LaunchScreen.storyboard */ = {
			isa = PBXVariantGroup;
			children = (
				95BBBB851EE555B300100889 /* Base */,
			);
			name = LaunchScreen.storyboard;
			sourceTree = "<group>";
		};
/* End PBXVariantGroup section */

/* Begin XCBuildConfiguration section */
		95BBBB881EE555B300100889 /* Debug */ = {
			isa = XCBuildConfiguration;
			buildSettings = {
				ALWAYS_SEARCH_USER_PATHS = NO;
				CLANG_ANALYZER_NONNULL = YES;
				CLANG_ANALYZER_NUMBER_OBJECT_CONVERSION = YES_AGGRESSIVE;
				CLANG_CXX_LANGUAGE_STANDARD = "gnu++0x";
				CLANG_CXX_LIBRARY = "libc++";
				CLANG_ENABLE_MODULES = YES;
				CLANG_ENABLE_OBJC_ARC = YES;
				CLANG_WARN_BOOL_CONVERSION = YES;
				CLANG_WARN_CONSTANT_CONVERSION = YES;
				CLANG_WARN_DIRECT_OBJC_ISA_USAGE = YES_ERROR;
				CLANG_WARN_DOCUMENTATION_COMMENTS = YES;
				CLANG_WARN_EMPTY_BODY = YES;
				CLANG_WARN_ENUM_CONVERSION = YES;
				CLANG_WARN_INFINITE_RECURSION = YES;
				CLANG_WARN_INT_CONVERSION = YES;
				CLANG_WARN_OBJC_ROOT_CLASS = YES_ERROR;
				CLANG_WARN_SUSPICIOUS_MOVE = YES;
				CLANG_WARN_UNREACHABLE_CODE = YES;
				CLANG_WARN__DUPLICATE_METHOD_MATCH = YES;
				"CODE_SIGN_IDENTITY[sdk=iphoneos*]" = "iPhone Developer";
				COPY_PHASE_STRIP = NO;
				DEBUG_INFORMATION_FORMAT = dwarf;
				ENABLE_STRICT_OBJC_MSGSEND = YES;
				ENABLE_TESTABILITY = YES;
				GCC_C_LANGUAGE_STANDARD = gnu99;
				GCC_DYNAMIC_NO_PIC = NO;
				GCC_NO_COMMON_BLOCKS = YES;
				GCC_OPTIMIZATION_LEVEL = 0;
				GCC_PREPROCESSOR_DEFINITIONS = (
					"DEBUG=1",
					"$(inherited)",
				);
				GCC_WARN_64_TO_32_BIT_CONVERSION = YES;
				GCC_WARN_ABOUT_RETURN_TYPE = YES_ERROR;
				GCC_WARN_UNDECLARED_SELECTOR = YES;
				GCC_WARN_UNINITIALIZED_AUTOS = YES_AGGRESSIVE;
				GCC_WARN_UNUSED_FUNCTION = YES;
				GCC_WARN_UNUSED_VARIABLE = YES;
				IPHONEOS_DEPLOYMENT_TARGET = 10.3;
				MTL_ENABLE_DEBUG_INFO = YES;
				ONLY_ACTIVE_ARCH = YES;
				SDKROOT = iphoneos;
				SWIFT_ACTIVE_COMPILATION_CONDITIONS = DEBUG;
				SWIFT_OPTIMIZATION_LEVEL = "-Onone";
				TARGETED_DEVICE_FAMILY = "1,2";
			};
			name = Debug;
		};
		95BBBB891EE555B300100889 /* Release */ = {
			isa = XCBuildConfiguration;
			buildSettings = {
				ALWAYS_SEARCH_USER_PATHS = NO;
				CLANG_ANALYZER_NONNULL = YES;
				CLANG_ANALYZER_NUMBER_OBJECT_CONVERSION = YES_AGGRESSIVE;
				CLANG_CXX_LANGUAGE_STANDARD = "gnu++0x";
				CLANG_CXX_LIBRARY = "libc++";
				CLANG_ENABLE_MODULES = YES;
				CLANG_ENABLE_OBJC_ARC = YES;
				CLANG_WARN_BOOL_CONVERSION = YES;
				CLANG_WARN_CONSTANT_CONVERSION = YES;
				CLANG_WARN_DIRECT_OBJC_ISA_USAGE = YES_ERROR;
				CLANG_WARN_DOCUMENTATION_COMMENTS = YES;
				CLANG_WARN_EMPTY_BODY = YES;
				CLANG_WARN_ENUM_CONVERSION = YES;
				CLANG_WARN_INFINITE_RECURSION = YES;
				CLANG_WARN_INT_CONVERSION = YES;
				CLANG_WARN_OBJC_ROOT_CLASS = YES_ERROR;
				CLANG_WARN_SUSPICIOUS_MOVE = YES;
				CLANG_WARN_UNREACHABLE_CODE = YES;
				CLANG_WARN__DUPLICATE_METHOD_MATCH = YES;
				"CODE_SIGN_IDENTITY[sdk=iphoneos*]" = "iPhone Developer";
				COPY_PHASE_STRIP = NO;
				DEBUG_INFORMATION_FORMAT = "dwarf-with-dsym";
				ENABLE_NS_ASSERTIONS = NO;
				ENABLE_STRICT_OBJC_MSGSEND = YES;
				GCC_C_LANGUAGE_STANDARD = gnu99;
				GCC_NO_COMMON_BLOCKS = YES;
				GCC_WARN_64_TO_32_BIT_CONVERSION = YES;
				GCC_WARN_ABOUT_RETURN_TYPE = YES_ERROR;
				GCC_WARN_UNDECLARED_SELECTOR = YES;
				GCC_WARN_UNINITIALIZED_AUTOS = YES_AGGRESSIVE;
				GCC_WARN_UNUSED_FUNCTION = YES;
				GCC_WARN_UNUSED_VARIABLE = YES;
				IPHONEOS_DEPLOYMENT_TARGET = 10.3;
				MTL_ENABLE_DEBUG_INFO = NO;
				SDKROOT = iphoneos;
				SWIFT_OPTIMIZATION_LEVEL = "-Owholemodule";
				TARGETED_DEVICE_FAMILY = "1,2";
				VALIDATE_PRODUCT = YES;
			};
			name = Release;
		};
		95BBBB8B1EE555B300100889 /* Debug */ = {
			isa = XCBuildConfiguration;
			baseConfigurationReference = F4A10F9E2CE9C6250337EE13 /* Pods-Court Fee.debug.xcconfig */;
			buildSettings = {
				ASSETCATALOG_COMPILER_APPICON_NAME = AppIcon;
				DEVELOPMENT_TEAM = X8E2R8HQQL;
				INFOPLIST_FILE = 1/Info.plist;
				LD_RUNPATH_SEARCH_PATHS = "$(inherited) @executable_path/Frameworks";
				PRODUCT_BUNDLE_IDENTIFIER = "A-Lime-Studio.-CourtFee";
				PRODUCT_NAME = "$(TARGET_NAME)";
				SWIFT_VERSION = 3.0;
			};
			name = Debug;
		};
		95BBBB8C1EE555B300100889 /* Release */ = {
			isa = XCBuildConfiguration;
			baseConfigurationReference = 173F21ADEC5677508E731EF9 /* Pods-Court Fee.release.xcconfig */;
			buildSettings = {
				ASSETCATALOG_COMPILER_APPICON_NAME = AppIcon;
				DEVELOPMENT_TEAM = X8E2R8HQQL;
				INFOPLIST_FILE = 1/Info.plist;
				LD_RUNPATH_SEARCH_PATHS = "$(inherited) @executable_path/Frameworks";
				PRODUCT_BUNDLE_IDENTIFIER = "A-Lime-Studio.-CourtFee";
				PRODUCT_NAME = "$(TARGET_NAME)";
				SWIFT_VERSION = 3.0;
			};
			name = Release;
		};
/* End XCBuildConfiguration section */

/* Begin XCConfigurationList section */
		95BBBB731EE555B300100889 /* Build configuration list for PBXProject "Court Fee" */ = {
			isa = XCConfigurationList;
			buildConfigurations = (
				95BBBB881EE555B300100889 /* Debug */,
				95BBBB891EE555B300100889 /* Release */,
			);
			defaultConfigurationIsVisible = 0;
			defaultConfigurationName = Release;
		};
		95BBBB8A1EE555B300100889 /* Build configuration list for PBXNativeTarget "Court Fee" */ = {
			isa = XCConfigurationList;
			buildConfigurations = (
				95BBBB8B1EE555B300100889 /* Debug */,
				95BBBB8C1EE555B300100889 /* Release */,
			);
			defaultConfigurationIsVisible = 0;
			defaultConfigurationName = Release;
		};
/* End XCConfigurationList section */
	};
	rootObject = 95BBBB701EE555B300100889 /* Project object */;
}
